
Microsoft Visual Studio Solution File, Format Version 12.00
# Visual Studio 14
VisualStudioVersion = 14.0.25420.1
MinimumVisualStudioVersion = 10.0.40219.1
Project("{8BC9CEB8-8B4A-11D0-8D11-00A0C91BC942}") = "osu!lumia", "osu!lumia\osu!lumia.vcxproj", "{3C653EF4-172B-419E-BF2C-A3EBF4058A62}"
EndProject
Global
	GlobalSection(SolutionConfigurationPlatforms) = preSolution
		Debug|ARM = Debug|ARM
		Debug|x86 = Debug|x86
		Release|ARM = Release|ARM
		Release|x86 = Release|x86
	EndGlobalSection
	GlobalSection(ProjectConfigurationPlatforms) = postSolution
		{3C653EF4-172B-419E-BF2C-A3EBF4058A62}.Debug|ARM.ActiveCfg = Debug|ARM
		{3C653EF4-172B-419E-BF2C-A3EBF4058A62}.Debug|ARM.Build.0 = Debug|ARM
		{3C653EF4-172B-419E-BF2C-A3EBF4058A62}.Debug|ARM.Deploy.0 = Debug|ARM
		{3C653EF4-172B-419E-BF2C-A3EBF4058A62}.Debug|x86.ActiveCfg = Debug|Win32
		{3C653EF4-172B-419E-BF2C-A3EBF4058A62}.Debug|x86.Build.0 = Debug|Win32
		{3C653EF4-172B-419E-BF2C-A3EBF4058A62}.Debug|x86.Deploy.0 = Debug|Win32
		{3C653EF4-172B-419E-BF2C-A3EBF4058A62}.Release|ARM.ActiveCfg = Release|ARM
		{3C653EF4-172B-419E-BF2C-A3EBF4058A62}.Release|ARM.Build.0 = Release|ARM
		{3C653EF4-172B-419E-BF2C-A3EBF4058A62}.Release|ARM.Deploy.0 = Release|ARM
		{3C653EF4-172B-419E-BF2C-A3EBF4058A62}.Release|x86.ActiveCfg = Release|Win32
		{3C653EF4-172B-419E-BF2C-A3EBF4058A62}.Release|x86.Build.0 = Release|Win32
		{3C653EF4-172B-419E-BF2C-A3EBF4058A62}.Release|x86.Deploy.0 = Release|Win32
	EndGlobalSection
	GlobalSection(SolutionProperties) = preSolution
		HideSolutionNode = FALSE
	EndGlobalSection
EndGlobal
